
Microsoft Visual Studio Solution File, Format Version 12.00
# Visual Studio Version 16
VisualStudioVersion = 16.0.30114.105
MinimumVisualStudioVersion = 10.0.40219.1
Project("{FAE04EC0-301F-11D3-BF4B-00C04F79EFBC}") = "Clist", "Clist\Clist.csproj", "{F8152A75-0168-457C-B1D3-91BD67054C8A}"
EndProject
Project("{FAE04EC0-301F-11D3-BF4B-00C04F79EFBC}") = "CQueue", "CQueue\CQueue.csproj", "{321735FA-17A5-4B53-8A51-88AD980CBB9A}"
EndProject
Project("{FAE04EC0-301F-11D3-BF4B-00C04F79EFBC}") = "CStack", "Cstack\CStack.csproj", "{1AAAB61B-504D-4467-9F3A-FE827C5C81DB}"
EndProject
Project("{FAE04EC0-301F-11D3-BF4B-00C04F79EFBC}") = "CDictionary", "CDictionary\CDictionary.csproj", "{F21C1D98-A41B-4C34-BB51-D3E8DA6C91D9}"
EndProject
Global
	GlobalSection(SolutionConfigurationPlatforms) = preSolution
		Debug|Any CPU = Debug|Any CPU
		Release|Any CPU = Release|Any CPU
	EndGlobalSection
	GlobalSection(SolutionProperties) = preSolution
		HideSolutionNode = FALSE
	EndGlobalSection
	GlobalSection(ProjectConfigurationPlatforms) = postSolution
		{F8152A75-0168-457C-B1D3-91BD67054C8A}.Debug|Any CPU.ActiveCfg = Debug|Any CPU
		{F8152A75-0168-457C-B1D3-91BD67054C8A}.Debug|Any CPU.Build.0 = Debug|Any CPU
		{F8152A75-0168-457C-B1D3-91BD67054C8A}.Release|Any CPU.ActiveCfg = Release|Any CPU
		{F8152A75-0168-457C-B1D3-91BD67054C8A}.Release|Any CPU.Build.0 = Release|Any CPU
		{321735FA-17A5-4B53-8A51-88AD980CBB9A}.Debug|Any CPU.ActiveCfg = Debug|Any CPU
		{321735FA-17A5-4B53-8A51-88AD980CBB9A}.Debug|Any CPU.Build.0 = Debug|Any CPU
		{321735FA-17A5-4B53-8A51-88AD980CBB9A}.Release|Any CPU.ActiveCfg = Release|Any CPU
		{321735FA-17A5-4B53-8A51-88AD980CBB9A}.Release|Any CPU.Build.0 = Release|Any CPU
		{1AAAB61B-504D-4467-9F3A-FE827C5C81DB}.Debug|Any CPU.ActiveCfg = Debug|Any CPU
		{1AAAB61B-504D-4467-9F3A-FE827C5C81DB}.Debug|Any CPU.Build.0 = Debug|Any CPU
		{1AAAB61B-504D-4467-9F3A-FE827C5C81DB}.Release|Any CPU.ActiveCfg = Release|Any CPU
		{1AAAB61B-504D-4467-9F3A-FE827C5C81DB}.Release|Any CPU.Build.0 = Release|Any CPU
		{F21C1D98-A41B-4C34-BB51-D3E8DA6C91D9}.Debug|Any CPU.ActiveCfg = Debug|Any CPU
		{F21C1D98-A41B-4C34-BB51-D3E8DA6C91D9}.Debug|Any CPU.Build.0 = Debug|Any CPU
		{F21C1D98-A41B-4C34-BB51-D3E8DA6C91D9}.Release|Any CPU.ActiveCfg = Release|Any CPU
		{F21C1D98-A41B-4C34-BB51-D3E8DA6C91D9}.Release|Any CPU.Build.0 = Release|Any CPU
	EndGlobalSection
EndGlobal
